// !$*UTF8*$!
{
	archiveVersion = 1;
	classes = {
	};
	objectVersion = 50;
	objects = {

/* Begin PBXBuildFile section */
		0D2087BD24E109C3004E4E0C /* OnBoarding.storyboard in Resources */ = {isa = PBXBuildFile; fileRef = 0D2087BC24E109C3004E4E0C /* OnBoarding.storyboard */; };
		0D748E7D24E0F821005E893E /* AppDelegate.swift in Sources */ = {isa = PBXBuildFile; fileRef = 0D748E7C24E0F821005E893E /* AppDelegate.swift */; };
		0D748E7F24E0F821005E893E /* SceneDelegate.swift in Sources */ = {isa = PBXBuildFile; fileRef = 0D748E7E24E0F821005E893E /* SceneDelegate.swift */; };
		0D748E8124E0F821005E893E /* ViewController.swift in Sources */ = {isa = PBXBuildFile; fileRef = 0D748E8024E0F821005E893E /* ViewController.swift */; };
		0D748E8424E0F821005E893E /* Main.storyboard in Resources */ = {isa = PBXBuildFile; fileRef = 0D748E8224E0F821005E893E /* Main.storyboard */; };
		0D748E8624E0F823005E893E /* Assets.xcassets in Resources */ = {isa = PBXBuildFile; fileRef = 0D748E8524E0F823005E893E /* Assets.xcassets */; };
		0D748E8924E0F823005E893E /* LaunchScreen.storyboard in Resources */ = {isa = PBXBuildFile; fileRef = 0D748E8724E0F823005E893E /* LaunchScreen.storyboard */; };
		0D748E9424E0F823005E893E /* BabyCare_MC3Tests.swift in Sources */ = {isa = PBXBuildFile; fileRef = 0D748E9324E0F823005E893E /* BabyCare_MC3Tests.swift */; };
		0D748E9F24E0F823005E893E /* BabyCare_MC3UITests.swift in Sources */ = {isa = PBXBuildFile; fileRef = 0D748E9E24E0F823005E893E /* BabyCare_MC3UITests.swift */; };
		0D748EB224E0FA57005E893E /* mainScreen.swift in Sources */ = {isa = PBXBuildFile; fileRef = 0D748EB124E0FA57005E893E /* mainScreen.swift */; };
		0D748EB424E0FA6E005E893E /* detakJantung.swift in Sources */ = {isa = PBXBuildFile; fileRef = 0D748EB324E0FA6E005E893E /* detakJantung.swift */; };
		0D748EB724E0FA91005E893E /* suhu.swift in Sources */ = {isa = PBXBuildFile; fileRef = 0D748EB624E0FA91005E893E /* suhu.swift */; };
		0D748EB924E0FAA8005E893E /* onBoarding.swift in Sources */ = {isa = PBXBuildFile; fileRef = 0D748EB824E0FAA8005E893E /* onBoarding.swift */; };
		0D748EBB24E0FABC005E893E /* tanggalKelahiran.swift in Sources */ = {isa = PBXBuildFile; fileRef = 0D748EBA24E0FABC005E893E /* tanggalKelahiran.swift */; };
		0D748EBE24E0FADE005E893E /* tips.swift in Sources */ = {isa = PBXBuildFile; fileRef = 0D748EBD24E0FADE005E893E /* tips.swift */; };
		0DEDD50B24E3B15D00763D96 /* OnBoarding.storyboard in Resources */ = {isa = PBXBuildFile; fileRef = 0D2087BC24E109C3004E4E0C /* OnBoarding.storyboard */; };
		0DEDD50C24E3B15E00763D96 /* OnBoarding.storyboard in Resources */ = {isa = PBXBuildFile; fileRef = 0D2087BC24E109C3004E4E0C /* OnBoarding.storyboard */; };
		0DEDD50D24E3B24C00763D96 /* TanggalKelahiran.storyboard in Resources */ = {isa = PBXBuildFile; fileRef = D56D4C1C24E10AAF00A084AE /* TanggalKelahiran.storyboard */; };
		0DEDD50E24E3B24C00763D96 /* TanggalKelahiran.storyboard in Resources */ = {isa = PBXBuildFile; fileRef = D56D4C1C24E10AAF00A084AE /* TanggalKelahiran.storyboard */; };
		0DEDD50F24E3B24D00763D96 /* TanggalKelahiran.storyboard in Resources */ = {isa = PBXBuildFile; fileRef = D56D4C1C24E10AAF00A084AE /* TanggalKelahiran.storyboard */; };
		B3EE63E024E1185C00FBAFB5 /* Mainscreen.storyboard in Resources */ = {isa = PBXBuildFile; fileRef = B3EE63DF24E1185C00FBAFB5 /* Mainscreen.storyboard */; };
		B3EE63E524E11CC200FBAFB5 /* SorotanTableViewCell.swift in Sources */ = {isa = PBXBuildFile; fileRef = B3EE63E324E11CC200FBAFB5 /* SorotanTableViewCell.swift */; };
		B3EE63E624E11CC200FBAFB5 /* SorotanTableViewCell.xib in Resources */ = {isa = PBXBuildFile; fileRef = B3EE63E424E11CC200FBAFB5 /* SorotanTableViewCell.xib */; };
		B3EE63EA24E127DC00FBAFB5 /* TipsTableViewCell.swift in Sources */ = {isa = PBXBuildFile; fileRef = B3EE63E824E127DC00FBAFB5 /* TipsTableViewCell.swift */; };
		B3EE63EB24E127DC00FBAFB5 /* TipsTableViewCell.xib in Resources */ = {isa = PBXBuildFile; fileRef = B3EE63E924E127DC00FBAFB5 /* TipsTableViewCell.xib */; };
		C048B54424E10ACB00B878E4 /* Suhu.storyboard in Resources */ = {isa = PBXBuildFile; fileRef = C048B54324E10ACB00B878E4 /* Suhu.storyboard */; };
		C048B54624E10D7A00B878E4 /* DetakJantung.storyboard in Resources */ = {isa = PBXBuildFile; fileRef = C048B54524E10D7A00B878E4 /* DetakJantung.storyboard */; };
		D565899924E3A7980051A45F /* tips.storyboard in Resources */ = {isa = PBXBuildFile; fileRef = D565899824E3A7980051A45F /* tips.storyboard */; };
/* End PBXBuildFile section */

/* Begin PBXContainerItemProxy section */
		0D748E9024E0F823005E893E /* PBXContainerItemProxy */ = {
			isa = PBXContainerItemProxy;
			containerPortal = 0D748E7124E0F821005E893E /* Project object */;
			proxyType = 1;
			remoteGlobalIDString = 0D748E7824E0F821005E893E;
			remoteInfo = "BabyCare-MC3";
		};
		0D748E9B24E0F823005E893E /* PBXContainerItemProxy */ = {
			isa = PBXContainerItemProxy;
			containerPortal = 0D748E7124E0F821005E893E /* Project object */;
			proxyType = 1;
			remoteGlobalIDString = 0D748E7824E0F821005E893E;
			remoteInfo = "BabyCare-MC3";
		};
/* End PBXContainerItemProxy section */

/* Begin PBXFileReference section */
		0D2087BC24E109C3004E4E0C /* OnBoarding.storyboard */ = {isa = PBXFileReference; lastKnownFileType = file.storyboard; path = OnBoarding.storyboard; sourceTree = "<group>"; };
		0D748E7924E0F821005E893E /* BabyCare-MC3.app */ = {isa = PBXFileReference; explicitFileType = wrapper.application; includeInIndex = 0; path = "BabyCare-MC3.app"; sourceTree = BUILT_PRODUCTS_DIR; };
		0D748E7C24E0F821005E893E /* AppDelegate.swift */ = {isa = PBXFileReference; lastKnownFileType = sourcecode.swift; path = AppDelegate.swift; sourceTree = "<group>"; };
		0D748E7E24E0F821005E893E /* SceneDelegate.swift */ = {isa = PBXFileReference; lastKnownFileType = sourcecode.swift; path = SceneDelegate.swift; sourceTree = "<group>"; };
		0D748E8024E0F821005E893E /* ViewController.swift */ = {isa = PBXFileReference; lastKnownFileType = sourcecode.swift; path = ViewController.swift; sourceTree = "<group>"; };
		0D748E8324E0F821005E893E /* Base */ = {isa = PBXFileReference; lastKnownFileType = file.storyboard; name = Base; path = Base.lproj/Main.storyboard; sourceTree = "<group>"; };
		0D748E8524E0F823005E893E /* Assets.xcassets */ = {isa = PBXFileReference; lastKnownFileType = folder.assetcatalog; path = Assets.xcassets; sourceTree = "<group>"; };
		0D748E8824E0F823005E893E /* Base */ = {isa = PBXFileReference; lastKnownFileType = file.storyboard; name = Base; path = Base.lproj/LaunchScreen.storyboard; sourceTree = "<group>"; };
		0D748E8A24E0F823005E893E /* Info.plist */ = {isa = PBXFileReference; lastKnownFileType = text.plist.xml; path = Info.plist; sourceTree = "<group>"; };
		0D748E8F24E0F823005E893E /* BabyCare-MC3Tests.xctest */ = {isa = PBXFileReference; explicitFileType = wrapper.cfbundle; includeInIndex = 0; path = "BabyCare-MC3Tests.xctest"; sourceTree = BUILT_PRODUCTS_DIR; };
		0D748E9324E0F823005E893E /* BabyCare_MC3Tests.swift */ = {isa = PBXFileReference; lastKnownFileType = sourcecode.swift; path = BabyCare_MC3Tests.swift; sourceTree = "<group>"; };
		0D748E9524E0F823005E893E /* Info.plist */ = {isa = PBXFileReference; lastKnownFileType = text.plist.xml; path = Info.plist; sourceTree = "<group>"; };
		0D748E9A24E0F823005E893E /* BabyCare-MC3UITests.xctest */ = {isa = PBXFileReference; explicitFileType = wrapper.cfbundle; includeInIndex = 0; path = "BabyCare-MC3UITests.xctest"; sourceTree = BUILT_PRODUCTS_DIR; };
		0D748E9E24E0F823005E893E /* BabyCare_MC3UITests.swift */ = {isa = PBXFileReference; lastKnownFileType = sourcecode.swift; path = BabyCare_MC3UITests.swift; sourceTree = "<group>"; };
		0D748EA024E0F823005E893E /* Info.plist */ = {isa = PBXFileReference; lastKnownFileType = text.plist.xml; path = Info.plist; sourceTree = "<group>"; };
		0D748EB124E0FA57005E893E /* mainScreen.swift */ = {isa = PBXFileReference; lastKnownFileType = sourcecode.swift; path = mainScreen.swift; sourceTree = "<group>"; };
		0D748EB324E0FA6E005E893E /* detakJantung.swift */ = {isa = PBXFileReference; lastKnownFileType = sourcecode.swift; path = detakJantung.swift; sourceTree = "<group>"; };
		0D748EB624E0FA91005E893E /* suhu.swift */ = {isa = PBXFileReference; lastKnownFileType = sourcecode.swift; path = suhu.swift; sourceTree = "<group>"; };
		0D748EB824E0FAA8005E893E /* onBoarding.swift */ = {isa = PBXFileReference; lastKnownFileType = sourcecode.swift; path = onBoarding.swift; sourceTree = "<group>"; };
		0D748EBA24E0FABC005E893E /* tanggalKelahiran.swift */ = {isa = PBXFileReference; lastKnownFileType = sourcecode.swift; path = tanggalKelahiran.swift; sourceTree = "<group>"; };
		0D748EBD24E0FADE005E893E /* tips.swift */ = {isa = PBXFileReference; lastKnownFileType = sourcecode.swift; path = tips.swift; sourceTree = "<group>"; };
		B3EE63DF24E1185C00FBAFB5 /* Mainscreen.storyboard */ = {isa = PBXFileReference; lastKnownFileType = file.storyboard; path = Mainscreen.storyboard; sourceTree = "<group>"; };
		B3EE63E324E11CC200FBAFB5 /* SorotanTableViewCell.swift */ = {isa = PBXFileReference; lastKnownFileType = sourcecode.swift; path = SorotanTableViewCell.swift; sourceTree = "<group>"; };
		B3EE63E424E11CC200FBAFB5 /* SorotanTableViewCell.xib */ = {isa = PBXFileReference; lastKnownFileType = file.xib; path = SorotanTableViewCell.xib; sourceTree = "<group>"; };
		B3EE63E824E127DC00FBAFB5 /* TipsTableViewCell.swift */ = {isa = PBXFileReference; lastKnownFileType = sourcecode.swift; path = TipsTableViewCell.swift; sourceTree = "<group>"; };
		B3EE63E924E127DC00FBAFB5 /* TipsTableViewCell.xib */ = {isa = PBXFileReference; lastKnownFileType = file.xib; path = TipsTableViewCell.xib; sourceTree = "<group>"; };
		C048B54324E10ACB00B878E4 /* Suhu.storyboard */ = {isa = PBXFileReference; lastKnownFileType = file.storyboard; path = Suhu.storyboard; sourceTree = "<group>"; };
		C048B54524E10D7A00B878E4 /* DetakJantung.storyboard */ = {isa = PBXFileReference; lastKnownFileType = file.storyboard; path = DetakJantung.storyboard; sourceTree = "<group>"; };
		D565899824E3A7980051A45F /* tips.storyboard */ = {isa = PBXFileReference; lastKnownFileType = file.storyboard; path = tips.storyboard; sourceTree = "<group>"; };
		D56D4C1C24E10AAF00A084AE /* TanggalKelahiran.storyboard */ = {isa = PBXFileReference; lastKnownFileType = file.storyboard; path = TanggalKelahiran.storyboard; sourceTree = "<group>"; };
/* End PBXFileReference section */

/* Begin PBXFrameworksBuildPhase section */
		0D748E7624E0F821005E893E /* Frameworks */ = {
			isa = PBXFrameworksBuildPhase;
			buildActionMask = 2147483647;
			files = (
			);
			runOnlyForDeploymentPostprocessing = 0;
		};
		0D748E8C24E0F823005E893E /* Frameworks */ = {
			isa = PBXFrameworksBuildPhase;
			buildActionMask = 2147483647;
			files = (
			);
			runOnlyForDeploymentPostprocessing = 0;
		};
		0D748E9724E0F823005E893E /* Frameworks */ = {
			isa = PBXFrameworksBuildPhase;
			buildActionMask = 2147483647;
			files = (
			);
			runOnlyForDeploymentPostprocessing = 0;
		};
/* End PBXFrameworksBuildPhase section */

/* Begin PBXGroup section */
		0D748E7024E0F821005E893E = {
			isa = PBXGroup;
			children = (
				0D748EBC24E0FACC005E893E /* tips */,
				0D748EAE24E0FA1F005E893E /* mainScreen */,
				0D748EB024E0FA3A005E893E /* detakJantung */,
				0D748EAF24E0FA2C005E893E /* suhu */,
				0D748EAC24E0F9F2005E893E /* onBoarding */,
				0D748EAD24E0FA02005E893E /* tanggalKelahiran */,
				0D748E7B24E0F821005E893E /* BabyCare-MC3 */,
				0D748E9224E0F823005E893E /* BabyCare-MC3Tests */,
				0D748E9D24E0F823005E893E /* BabyCare-MC3UITests */,
				0D748E7A24E0F821005E893E /* Products */,
			);
			sourceTree = "<group>";
		};
		0D748E7A24E0F821005E893E /* Products */ = {
			isa = PBXGroup;
			children = (
				0D748E7924E0F821005E893E /* BabyCare-MC3.app */,
				0D748E8F24E0F823005E893E /* BabyCare-MC3Tests.xctest */,
				0D748E9A24E0F823005E893E /* BabyCare-MC3UITests.xctest */,
			);
			name = Products;
			sourceTree = "<group>";
		};
		0D748E7B24E0F821005E893E /* BabyCare-MC3 */ = {
			isa = PBXGroup;
			children = (
				0D748E7C24E0F821005E893E /* AppDelegate.swift */,
				0D748E7E24E0F821005E893E /* SceneDelegate.swift */,
				0D748E8024E0F821005E893E /* ViewController.swift */,
				0D748E8224E0F821005E893E /* Main.storyboard */,
				0D748E8524E0F823005E893E /* Assets.xcassets */,
				0D748E8724E0F823005E893E /* LaunchScreen.storyboard */,
				0D748E8A24E0F823005E893E /* Info.plist */,
			);
			path = "BabyCare-MC3";
			sourceTree = "<group>";
		};
		0D748E9224E0F823005E893E /* BabyCare-MC3Tests */ = {
			isa = PBXGroup;
			children = (
				0D748E9324E0F823005E893E /* BabyCare_MC3Tests.swift */,
				0D748E9524E0F823005E893E /* Info.plist */,
			);
			path = "BabyCare-MC3Tests";
			sourceTree = "<group>";
		};
		0D748E9D24E0F823005E893E /* BabyCare-MC3UITests */ = {
			isa = PBXGroup;
			children = (
				0D748E9E24E0F823005E893E /* BabyCare_MC3UITests.swift */,
				0D748EA024E0F823005E893E /* Info.plist */,
			);
			path = "BabyCare-MC3UITests";
			sourceTree = "<group>";
		};
		0D748EAC24E0F9F2005E893E /* onBoarding */ = {
			isa = PBXGroup;
			children = (
				0D748EB824E0FAA8005E893E /* onBoarding.swift */,
				0D2087BC24E109C3004E4E0C /* OnBoarding.storyboard */,
			);
			path = onBoarding;
			sourceTree = "<group>";
		};
		0D748EAD24E0FA02005E893E /* tanggalKelahiran */ = {
			isa = PBXGroup;
			children = (
				0D748EBA24E0FABC005E893E /* tanggalKelahiran.swift */,
				D56D4C1C24E10AAF00A084AE /* TanggalKelahiran.storyboard */,
			);
			path = tanggalKelahiran;
			sourceTree = "<group>";
		};
		0D748EAE24E0FA1F005E893E /* mainScreen */ = {
			isa = PBXGroup;
			children = (
				B3EE63E724E127BD00FBAFB5 /* Tips */,
				B3EE63E224E11C4A00FBAFB5 /* Sorotan */,
				0D748EB124E0FA57005E893E /* mainScreen.swift */,
				B3EE63DF24E1185C00FBAFB5 /* Mainscreen.storyboard */,
			);
			path = mainScreen;
			sourceTree = "<group>";
		};
		0D748EAF24E0FA2C005E893E /* suhu */ = {
			isa = PBXGroup;
			children = (
				0D748EB624E0FA91005E893E /* suhu.swift */,
				C048B54324E10ACB00B878E4 /* Suhu.storyboard */,
			);
			path = suhu;
			sourceTree = "<group>";
		};
		0D748EB024E0FA3A005E893E /* detakJantung */ = {
			isa = PBXGroup;
			children = (
				0D748EB324E0FA6E005E893E /* detakJantung.swift */,
				C048B54524E10D7A00B878E4 /* DetakJantung.storyboard */,
			);
			path = detakJantung;
			sourceTree = "<group>";
		};
		0D748EBC24E0FACC005E893E /* tips */ = {
			isa = PBXGroup;
			children = (
				0D748EBD24E0FADE005E893E /* tips.swift */,
				D565899824E3A7980051A45F /* tips.storyboard */,
			);
			path = tips;
			sourceTree = "<group>";
		};
		B3EE63E224E11C4A00FBAFB5 /* Sorotan */ = {
			isa = PBXGroup;
			children = (
				B3EE63E324E11CC200FBAFB5 /* SorotanTableViewCell.swift */,
				B3EE63E424E11CC200FBAFB5 /* SorotanTableViewCell.xib */,
			);
			path = Sorotan;
			sourceTree = "<group>";
		};
		B3EE63E724E127BD00FBAFB5 /* Tips */ = {
			isa = PBXGroup;
			children = (
				B3EE63E824E127DC00FBAFB5 /* TipsTableViewCell.swift */,
				B3EE63E924E127DC00FBAFB5 /* TipsTableViewCell.xib */,
			);
			path = Tips;
			sourceTree = "<group>";
		};
/* End PBXGroup section */

/* Begin PBXNativeTarget section */
		0D748E7824E0F821005E893E /* BabyCare-MC3 */ = {
			isa = PBXNativeTarget;
			buildConfigurationList = 0D748EA324E0F823005E893E /* Build configuration list for PBXNativeTarget "BabyCare-MC3" */;
			buildPhases = (
				0D748E7524E0F821005E893E /* Sources */,
				0D748E7624E0F821005E893E /* Frameworks */,
				0D748E7724E0F821005E893E /* Resources */,
			);
			buildRules = (
			);
			dependencies = (
			);
			name = "BabyCare-MC3";
			productName = "BabyCare-MC3";
			productReference = 0D748E7924E0F821005E893E /* BabyCare-MC3.app */;
			productType = "com.apple.product-type.application";
		};
		0D748E8E24E0F823005E893E /* BabyCare-MC3Tests */ = {
			isa = PBXNativeTarget;
			buildConfigurationList = 0D748EA624E0F823005E893E /* Build configuration list for PBXNativeTarget "BabyCare-MC3Tests" */;
			buildPhases = (
				0D748E8B24E0F823005E893E /* Sources */,
				0D748E8C24E0F823005E893E /* Frameworks */,
				0D748E8D24E0F823005E893E /* Resources */,
			);
			buildRules = (
			);
			dependencies = (
				0D748E9124E0F823005E893E /* PBXTargetDependency */,
			);
			name = "BabyCare-MC3Tests";
			productName = "BabyCare-MC3Tests";
			productReference = 0D748E8F24E0F823005E893E /* BabyCare-MC3Tests.xctest */;
			productType = "com.apple.product-type.bundle.unit-test";
		};
		0D748E9924E0F823005E893E /* BabyCare-MC3UITests */ = {
			isa = PBXNativeTarget;
			buildConfigurationList = 0D748EA924E0F823005E893E /* Build configuration list for PBXNativeTarget "BabyCare-MC3UITests" */;
			buildPhases = (
				0D748E9624E0F823005E893E /* Sources */,
				0D748E9724E0F823005E893E /* Frameworks */,
				0D748E9824E0F823005E893E /* Resources */,
			);
			buildRules = (
			);
			dependencies = (
				0D748E9C24E0F823005E893E /* PBXTargetDependency */,
			);
			name = "BabyCare-MC3UITests";
			productName = "BabyCare-MC3UITests";
			productReference = 0D748E9A24E0F823005E893E /* BabyCare-MC3UITests.xctest */;
			productType = "com.apple.product-type.bundle.ui-testing";
		};
/* End PBXNativeTarget section */

/* Begin PBXProject section */
		0D748E7124E0F821005E893E /* Project object */ = {
			isa = PBXProject;
			attributes = {
				LastSwiftUpdateCheck = 1160;
				LastUpgradeCheck = 1160;
				ORGANIZATIONNAME = "Ivan Winata";
				TargetAttributes = {
					0D748E7824E0F821005E893E = {
						CreatedOnToolsVersion = 11.6;
					};
					0D748E8E24E0F823005E893E = {
						CreatedOnToolsVersion = 11.6;
						TestTargetID = 0D748E7824E0F821005E893E;
					};
					0D748E9924E0F823005E893E = {
						CreatedOnToolsVersion = 11.6;
						TestTargetID = 0D748E7824E0F821005E893E;
					};
				};
			};
			buildConfigurationList = 0D748E7424E0F821005E893E /* Build configuration list for PBXProject "BabyCare-MC3" */;
			compatibilityVersion = "Xcode 9.3";
			developmentRegion = en;
			hasScannedForEncodings = 0;
			knownRegions = (
				en,
				Base,
			);
			mainGroup = 0D748E7024E0F821005E893E;
			productRefGroup = 0D748E7A24E0F821005E893E /* Products */;
			projectDirPath = "";
			projectRoot = "";
			targets = (
				0D748E7824E0F821005E893E /* BabyCare-MC3 */,
				0D748E8E24E0F823005E893E /* BabyCare-MC3Tests */,
				0D748E9924E0F823005E893E /* BabyCare-MC3UITests */,
			);
		};
/* End PBXProject section */

/* Begin PBXResourcesBuildPhase section */
		0D748E7724E0F821005E893E /* Resources */ = {
			isa = PBXResourcesBuildPhase;
			buildActionMask = 2147483647;
			files = (
				0D748E8924E0F823005E893E /* LaunchScreen.storyboard in Resources */,
				C048B54424E10ACB00B878E4 /* Suhu.storyboard in Resources */,
				B3EE63E624E11CC200FBAFB5 /* SorotanTableViewCell.xib in Resources */,
				0DEDD50D24E3B24C00763D96 /* TanggalKelahiran.storyboard in Resources */,
				0D748E8624E0F823005E893E /* Assets.xcassets in Resources */,
				D565899924E3A7980051A45F /* tips.storyboard in Resources */,
				B3EE63E024E1185C00FBAFB5 /* Mainscreen.storyboard in Resources */,
				B3EE63EB24E127DC00FBAFB5 /* TipsTableViewCell.xib in Resources */,
				0D748E8424E0F821005E893E /* Main.storyboard in Resources */,
				C048B54624E10D7A00B878E4 /* DetakJantung.storyboard in Resources */,
				0D2087BD24E109C3004E4E0C /* OnBoarding.storyboard in Resources */,
			);
			runOnlyForDeploymentPostprocessing = 0;
		};
		0D748E8D24E0F823005E893E /* Resources */ = {
			isa = PBXResourcesBuildPhase;
			buildActionMask = 2147483647;
			files = (
				0DEDD50B24E3B15D00763D96 /* OnBoarding.storyboard in Resources */,
				0DEDD50E24E3B24C00763D96 /* TanggalKelahiran.storyboard in Resources */,
			);
			runOnlyForDeploymentPostprocessing = 0;
		};
		0D748E9824E0F823005E893E /* Resources */ = {
			isa = PBXResourcesBuildPhase;
			buildActionMask = 2147483647;
			files = (
				0DEDD50C24E3B15E00763D96 /* OnBoarding.storyboard in Resources */,
				0DEDD50F24E3B24D00763D96 /* TanggalKelahiran.storyboard in Resources */,
			);
			runOnlyForDeploymentPostprocessing = 0;
		};
/* End PBXResourcesBuildPhase section */

/* Begin PBXSourcesBuildPhase section */
		0D748E7524E0F821005E893E /* Sources */ = {
			isa = PBXSourcesBuildPhase;
			buildActionMask = 2147483647;
			files = (
				0D748EB724E0FA91005E893E /* suhu.swift in Sources */,
				0D748EB224E0FA57005E893E /* mainScreen.swift in Sources */,
				B3EE63EA24E127DC00FBAFB5 /* TipsTableViewCell.swift in Sources */,
				0D748E8124E0F821005E893E /* ViewController.swift in Sources */,
				0D748EB924E0FAA8005E893E /* onBoarding.swift in Sources */,
				0D748E7D24E0F821005E893E /* AppDelegate.swift in Sources */,
				0D748E7F24E0F821005E893E /* SceneDelegate.swift in Sources */,
				0D748EBB24E0FABC005E893E /* tanggalKelahiran.swift in Sources */,
				0D748EB424E0FA6E005E893E /* detakJantung.swift in Sources */,
				B3EE63E524E11CC200FBAFB5 /* SorotanTableViewCell.swift in Sources */,
				0D748EBE24E0FADE005E893E /* tips.swift in Sources */,
			);
			runOnlyForDeploymentPostprocessing = 0;
		};
		0D748E8B24E0F823005E893E /* Sources */ = {
			isa = PBXSourcesBuildPhase;
			buildActionMask = 2147483647;
			files = (
				0D748E9424E0F823005E893E /* BabyCare_MC3Tests.swift in Sources */,
			);
			runOnlyForDeploymentPostprocessing = 0;
		};
		0D748E9624E0F823005E893E /* Sources */ = {
			isa = PBXSourcesBuildPhase;
			buildActionMask = 2147483647;
			files = (
				0D748E9F24E0F823005E893E /* BabyCare_MC3UITests.swift in Sources */,
			);
			runOnlyForDeploymentPostprocessing = 0;
		};
/* End PBXSourcesBuildPhase section */

/* Begin PBXTargetDependency section */
		0D748E9124E0F823005E893E /* PBXTargetDependency */ = {
			isa = PBXTargetDependency;
			target = 0D748E7824E0F821005E893E /* BabyCare-MC3 */;
			targetProxy = 0D748E9024E0F823005E893E /* PBXContainerItemProxy */;
		};
		0D748E9C24E0F823005E893E /* PBXTargetDependency */ = {
			isa = PBXTargetDependency;
			target = 0D748E7824E0F821005E893E /* BabyCare-MC3 */;
			targetProxy = 0D748E9B24E0F823005E893E /* PBXContainerItemProxy */;
		};
/* End PBXTargetDependency section */

/* Begin PBXVariantGroup section */
		0D748E8224E0F821005E893E /* Main.storyboard */ = {
			isa = PBXVariantGroup;
			children = (
				0D748E8324E0F821005E893E /* Base */,
			);
			name = Main.storyboard;
			sourceTree = "<group>";
		};
		0D748E8724E0F823005E893E /* LaunchScreen.storyboard */ = {
			isa = PBXVariantGroup;
			children = (
				0D748E8824E0F823005E893E /* Base */,
			);
			name = LaunchScreen.storyboard;
			sourceTree = "<group>";
		};
/* End PBXVariantGroup section */

/* Begin XCBuildConfiguration section */
		0D748EA124E0F823005E893E /* Debug */ = {
			isa = XCBuildConfiguration;
			buildSettings = {
				ALWAYS_SEARCH_USER_PATHS = NO;
				CLANG_ANALYZER_NONNULL = YES;
				CLANG_ANALYZER_NUMBER_OBJECT_CONVERSION = YES_AGGRESSIVE;
				CLANG_CXX_LANGUAGE_STANDARD = "gnu++14";
				CLANG_CXX_LIBRARY = "libc++";
				CLANG_ENABLE_MODULES = YES;
				CLANG_ENABLE_OBJC_ARC = YES;
				CLANG_ENABLE_OBJC_WEAK = YES;
				CLANG_WARN_BLOCK_CAPTURE_AUTORELEASING = YES;
				CLANG_WARN_BOOL_CONVERSION = YES;
				CLANG_WARN_COMMA = YES;
				CLANG_WARN_CONSTANT_CONVERSION = YES;
				CLANG_WARN_DEPRECATED_OBJC_IMPLEMENTATIONS = YES;
				CLANG_WARN_DIRECT_OBJC_ISA_USAGE = YES_ERROR;
				CLANG_WARN_DOCUMENTATION_COMMENTS = YES;
				CLANG_WARN_EMPTY_BODY = YES;
				CLANG_WARN_ENUM_CONVERSION = YES;
				CLANG_WARN_INFINITE_RECURSION = YES;
				CLANG_WARN_INT_CONVERSION = YES;
				CLANG_WARN_NON_LITERAL_NULL_CONVERSION = YES;
				CLANG_WARN_OBJC_IMPLICIT_RETAIN_SELF = YES;
				CLANG_WARN_OBJC_LITERAL_CONVERSION = YES;
				CLANG_WARN_OBJC_ROOT_CLASS = YES_ERROR;
				CLANG_WARN_RANGE_LOOP_ANALYSIS = YES;
				CLANG_WARN_STRICT_PROTOTYPES = YES;
				CLANG_WARN_SUSPICIOUS_MOVE = YES;
				CLANG_WARN_UNGUARDED_AVAILABILITY = YES_AGGRESSIVE;
				CLANG_WARN_UNREACHABLE_CODE = YES;
				CLANG_WARN__DUPLICATE_METHOD_MATCH = YES;
				COPY_PHASE_STRIP = NO;
				DEBUG_INFORMATION_FORMAT = dwarf;
				ENABLE_STRICT_OBJC_MSGSEND = YES;
				ENABLE_TESTABILITY = YES;
				GCC_C_LANGUAGE_STANDARD = gnu11;
				GCC_DYNAMIC_NO_PIC = NO;
				GCC_NO_COMMON_BLOCKS = YES;
				GCC_OPTIMIZATION_LEVEL = 0;
				GCC_PREPROCESSOR_DEFINITIONS = (
					"DEBUG=1",
					"$(inherited)",
				);
				GCC_WARN_64_TO_32_BIT_CONVERSION = YES;
				GCC_WARN_ABOUT_RETURN_TYPE = YES_ERROR;
				GCC_WARN_UNDECLARED_SELECTOR = YES;
				GCC_WARN_UNINITIALIZED_AUTOS = YES_AGGRESSIVE;
				GCC_WARN_UNUSED_FUNCTION = YES;
				GCC_WARN_UNUSED_VARIABLE = YES;
				IPHONEOS_DEPLOYMENT_TARGET = 13.6;
				MTL_ENABLE_DEBUG_INFO = INCLUDE_SOURCE;
				MTL_FAST_MATH = YES;
				ONLY_ACTIVE_ARCH = YES;
				SDKROOT = iphoneos;
				SWIFT_ACTIVE_COMPILATION_CONDITIONS = DEBUG;
				SWIFT_OPTIMIZATION_LEVEL = "-Onone";
			};
			name = Debug;
		};
		0D748EA224E0F823005E893E /* Release */ = {
			isa = XCBuildConfiguration;
			buildSettings = {
				ALWAYS_SEARCH_USER_PATHS = NO;
				CLANG_ANALYZER_NONNULL = YES;
				CLANG_ANALYZER_NUMBER_OBJECT_CONVERSION = YES_AGGRESSIVE;
				CLANG_CXX_LANGUAGE_STANDARD = "gnu++14";
				CLANG_CXX_LIBRARY = "libc++";
				CLANG_ENABLE_MODULES = YES;
				CLANG_ENABLE_OBJC_ARC = YES;
				CLANG_ENABLE_OBJC_WEAK = YES;
				CLANG_WARN_BLOCK_CAPTURE_AUTORELEASING = YES;
				CLANG_WARN_BOOL_CONVERSION = YES;
				CLANG_WARN_COMMA = YES;
				CLANG_WARN_CONSTANT_CONVERSION = YES;
				CLANG_WARN_DEPRECATED_OBJC_IMPLEMENTATIONS = YES;
				CLANG_WARN_DIRECT_OBJC_ISA_USAGE = YES_ERROR;
				CLANG_WARN_DOCUMENTATION_COMMENTS = YES;
				CLANG_WARN_EMPTY_BODY = YES;
				CLANG_WARN_ENUM_CONVERSION = YES;
				CLANG_WARN_INFINITE_RECURSION = YES;
				CLANG_WARN_INT_CONVERSION = YES;
				CLANG_WARN_NON_LITERAL_NULL_CONVERSION = YES;
				CLANG_WARN_OBJC_IMPLICIT_RETAIN_SELF = YES;
				CLANG_WARN_OBJC_LITERAL_CONVERSION = YES;
				CLANG_WARN_OBJC_ROOT_CLASS = YES_ERROR;
				CLANG_WARN_RANGE_LOOP_ANALYSIS = YES;
				CLANG_WARN_STRICT_PROTOTYPES = YES;
				CLANG_WARN_SUSPICIOUS_MOVE = YES;
				CLANG_WARN_UNGUARDED_AVAILABILITY = YES_AGGRESSIVE;
				CLANG_WARN_UNREACHABLE_CODE = YES;
				CLANG_WARN__DUPLICATE_METHOD_MATCH = YES;
				COPY_PHASE_STRIP = NO;
				DEBUG_INFORMATION_FORMAT = "dwarf-with-dsym";
				ENABLE_NS_ASSERTIONS = NO;
				ENABLE_STRICT_OBJC_MSGSEND = YES;
				GCC_C_LANGUAGE_STANDARD = gnu11;
				GCC_NO_COMMON_BLOCKS = YES;
				GCC_WARN_64_TO_32_BIT_CONVERSION = YES;
				GCC_WARN_ABOUT_RETURN_TYPE = YES_ERROR;
				GCC_WARN_UNDECLARED_SELECTOR = YES;
				GCC_WARN_UNINITIALIZED_AUTOS = YES_AGGRESSIVE;
				GCC_WARN_UNUSED_FUNCTION = YES;
				GCC_WARN_UNUSED_VARIABLE = YES;
				IPHONEOS_DEPLOYMENT_TARGET = 13.6;
				MTL_ENABLE_DEBUG_INFO = NO;
				MTL_FAST_MATH = YES;
				SDKROOT = iphoneos;
				SWIFT_COMPILATION_MODE = wholemodule;
				SWIFT_OPTIMIZATION_LEVEL = "-O";
				VALIDATE_PRODUCT = YES;
			};
			name = Release;
		};
		0D748EA424E0F823005E893E /* Debug */ = {
			isa = XCBuildConfiguration;
			buildSettings = {
				ASSETCATALOG_COMPILER_APPICON_NAME = AppIcon;
				CODE_SIGN_STYLE = Automatic;
				DEVELOPMENT_TEAM = 37P7N7R8J2;
				INFOPLIST_FILE = "BabyCare-MC3/Info.plist";
				IPHONEOS_DEPLOYMENT_TARGET = 13.5;
				LD_RUNPATH_SEARCH_PATHS = (
					"$(inherited)",
					"@executable_path/Frameworks",
				);
				PRODUCT_BUNDLE_IDENTIFIER = "IvanW.BabyCare-MC3";
				PRODUCT_NAME = "$(TARGET_NAME)";
				SWIFT_VERSION = 5.0;
				TARGETED_DEVICE_FAMILY = "1,2";
			};
			name = Debug;
		};
		0D748EA524E0F823005E893E /* Release */ = {
			isa = XCBuildConfiguration;
			buildSettings = {
				ASSETCATALOG_COMPILER_APPICON_NAME = AppIcon;
				CODE_SIGN_STYLE = Automatic;
				DEVELOPMENT_TEAM = 37P7N7R8J2;
				INFOPLIST_FILE = "BabyCare-MC3/Info.plist";
				IPHONEOS_DEPLOYMENT_TARGET = 13.5;
				LD_RUNPATH_SEARCH_PATHS = (
					"$(inherited)",
					"@executable_path/Frameworks",
				);
				PRODUCT_BUNDLE_IDENTIFIER = "IvanW.BabyCare-MC3";
				PRODUCT_NAME = "$(TARGET_NAME)";
				SWIFT_VERSION = 5.0;
				TARGETED_DEVICE_FAMILY = "1,2";
			};
			name = Release;
		};
		0D748EA724E0F823005E893E /* Debug */ = {
			isa = XCBuildConfiguration;
			buildSettings = {
				ALWAYS_EMBED_SWIFT_STANDARD_LIBRARIES = YES;
				BUNDLE_LOADER = "$(TEST_HOST)";
				CODE_SIGN_STYLE = Automatic;
				DEVELOPMENT_TEAM = 37P7N7R8J2;
				INFOPLIST_FILE = "BabyCare-MC3Tests/Info.plist";
				IPHONEOS_DEPLOYMENT_TARGET = 13.6;
				LD_RUNPATH_SEARCH_PATHS = (
					"$(inherited)",
					"@executable_path/Frameworks",
					"@loader_path/Frameworks",
				);
				PRODUCT_BUNDLE_IDENTIFIER = "IvanW.BabyCare-MC3Tests";
				PRODUCT_NAME = "$(TARGET_NAME)";
				SWIFT_VERSION = 5.0;
				TARGETED_DEVICE_FAMILY = "1,2";
				TEST_HOST = "$(BUILT_PRODUCTS_DIR)/BabyCare-MC3.app/BabyCare-MC3";
			};
			name = Debug;
		};
		0D748EA824E0F823005E893E /* Release */ = {
			isa = XCBuildConfiguration;
			buildSettings = {
				ALWAYS_EMBED_SWIFT_STANDARD_LIBRARIES = YES;
				BUNDLE_LOADER = "$(TEST_HOST)";
				CODE_SIGN_STYLE = Automatic;
				DEVELOPMENT_TEAM = 37P7N7R8J2;
				INFOPLIST_FILE = "BabyCare-MC3Tests/Info.plist";
				IPHONEOS_DEPLOYMENT_TARGET = 13.6;
				LD_RUNPATH_SEARCH_PATHS = (
					"$(inherited)",
					"@executable_path/Frameworks",
					"@loader_path/Frameworks",
				);
				PRODUCT_BUNDLE_IDENTIFIER = "IvanW.BabyCare-MC3Tests";
				PRODUCT_NAME = "$(TARGET_NAME)";
				SWIFT_VERSION = 5.0;
				TARGETED_DEVICE_FAMILY = "1,2";
				TEST_HOST = "$(BUILT_PRODUCTS_DIR)/BabyCare-MC3.app/BabyCare-MC3";
			};
			name = Release;
		};
		0D748EAA24E0F823005E893E /* Debug */ = {
			isa = XCBuildConfiguration;
			buildSettings = {
				ALWAYS_EMBED_SWIFT_STANDARD_LIBRARIES = YES;
				CODE_SIGN_STYLE = Automatic;
				DEVELOPMENT_TEAM = 37P7N7R8J2;
				INFOPLIST_FILE = "BabyCare-MC3UITests/Info.plist";
				LD_RUNPATH_SEARCH_PATHS = (
					"$(inherited)",
					"@executable_path/Frameworks",
					"@loader_path/Frameworks",
				);
				PRODUCT_BUNDLE_IDENTIFIER = "IvanW.BabyCare-MC3UITests";
				PRODUCT_NAME = "$(TARGET_NAME)";
				SWIFT_VERSION = 5.0;
				TARGETED_DEVICE_FAMILY = "1,2";
				TEST_TARGET_NAME = "BabyCare-MC3";
			};
			name = Debug;
		};
		0D748EAB24E0F823005E893E /* Release */ = {
			isa = XCBuildConfiguration;
			buildSettings = {
				ALWAYS_EMBED_SWIFT_STANDARD_LIBRARIES = YES;
				CODE_SIGN_STYLE = Automatic;
				DEVELOPMENT_TEAM = 37P7N7R8J2;
				INFOPLIST_FILE = "BabyCare-MC3UITests/Info.plist";
				LD_RUNPATH_SEARCH_PATHS = (
					"$(inherited)",
					"@executable_path/Frameworks",
					"@loader_path/Frameworks",
				);
				PRODUCT_BUNDLE_IDENTIFIER = "IvanW.BabyCare-MC3UITests";
				PRODUCT_NAME = "$(TARGET_NAME)";
				SWIFT_VERSION = 5.0;
				TARGETED_DEVICE_FAMILY = "1,2";
				TEST_TARGET_NAME = "BabyCare-MC3";
			};
			name = Release;
		};
/* End XCBuildConfiguration section */

/* Begin XCConfigurationList section */
		0D748E7424E0F821005E893E /* Build configuration list for PBXProject "BabyCare-MC3" */ = {
			isa = XCConfigurationList;
			buildConfigurations = (
				0D748EA124E0F823005E893E /* Debug */,
				0D748EA224E0F823005E893E /* Release */,
			);
			defaultConfigurationIsVisible = 0;
			defaultConfigurationName = Release;
		};
		0D748EA324E0F823005E893E /* Build configuration list for PBXNativeTarget "BabyCare-MC3" */ = {
			isa = XCConfigurationList;
			buildConfigurations = (
				0D748EA424E0F823005E893E /* Debug */,
				0D748EA524E0F823005E893E /* Release */,
			);
			defaultConfigurationIsVisible = 0;
			defaultConfigurationName = Release;
		};
		0D748EA624E0F823005E893E /* Build configuration list for PBXNativeTarget "BabyCare-MC3Tests" */ = {
			isa = XCConfigurationList;
			buildConfigurations = (
				0D748EA724E0F823005E893E /* Debug */,
				0D748EA824E0F823005E893E /* Release */,
			);
			defaultConfigurationIsVisible = 0;
			defaultConfigurationName = Release;
		};
		0D748EA924E0F823005E893E /* Build configuration list for PBXNativeTarget "BabyCare-MC3UITests" */ = {
			isa = XCConfigurationList;
			buildConfigurations = (
				0D748EAA24E0F823005E893E /* Debug */,
				0D748EAB24E0F823005E893E /* Release */,
			);
			defaultConfigurationIsVisible = 0;
			defaultConfigurationName = Release;
		};
/* End XCConfigurationList section */
	};
	rootObject = 0D748E7124E0F821005E893E /* Project object */;
}
